
Microsoft Visual Studio Solution File, Format Version 12.00
# Visual Studio Version 18
VisualStudioVersion = 18.0.11205.157
MinimumVisualStudioVersion = 10.0.40219.1
Project("{9A19103F-16F7-4668-BE54-9A1E7A4F7556}") = "Core", "Core\Core.csproj", "{38A53CAD-5796-42CC-8FA6-CEBBC67769E6}"
EndProject
Project("{2150E333-8FDC-42A3-9474-1A3956D46DE8}") = "Connectors", "Connectors", "{FCAD12F9-6992-44D7-8E78-464181584E06}"
EndProject
Project("{9A19103F-16F7-4668-BE54-9A1E7A4F7556}") = "KubeMQ", "Connectors\KubeMQ\KubeMQ.csproj", "{2B020948-D052-488F-85DE-63BE37CCBBA5}"
EndProject
Project("{9A19103F-16F7-4668-BE54-9A1E7A4F7556}") = "NATS", "Connectors\NATS\NATS.csproj", "{45E457C0-A62C-4A7A-A427-77D9BE0AD351}"
EndProject
Project("{9A19103F-16F7-4668-BE54-9A1E7A4F7556}") = "Abstractions", "Abstractions\Abstractions.csproj", "{BA709FAF-D716-4AD0-A5AA-E61F3F0A9AFC}"
EndProject
Project("{2150E333-8FDC-42A3-9474-1A3956D46DE8}") = "Samples", "Samples", "{0DAB9C52-BDAF-44CD-B10A-B9E057105696}"
EndProject
Project("{9A19103F-16F7-4668-BE54-9A1E7A4F7556}") = "Messages", "Samples\Messages\Messages.csproj", "{D0C72055-C9A1-4F98-B7CB-A6A15644B689}"
EndProject
Project("{9A19103F-16F7-4668-BE54-9A1E7A4F7556}") = "KubeMQSample", "Samples\KubeMQSample\KubeMQSample.csproj", "{FEA3590A-A727-444A-B623-A6B33260780B}"
EndProject
Project("{9A19103F-16F7-4668-BE54-9A1E7A4F7556}") = "NATSSample", "Samples\NATSSample\NATSSample.csproj", "{5A27E00D-B132-4292-9D98-272A172F883A}"
EndProject
Project("{9A19103F-16F7-4668-BE54-9A1E7A4F7556}") = "Kafka", "Connectors\Kafka\Kafka.csproj", "{E3CE4E3B-8500-4888-BBA5-0256A129C9F5}"
EndProject
Project("{9A19103F-16F7-4668-BE54-9A1E7A4F7556}") = "KafkaSample", "Samples\KafkaSample\KafkaSample.csproj", "{76FFF0EF-C7F4-4D07-9CE1-CA695037CC11}"
EndProject
Project("{9A19103F-16F7-4668-BE54-9A1E7A4F7556}") = "ActiveMQ", "Connectors\ActiveMQ\ActiveMQ.csproj", "{3DF8097C-D24F-4AB9-98E3-A17607ECCE25}"
EndProject
Project("{9A19103F-16F7-4668-BE54-9A1E7A4F7556}") = "ActiveMQSample", "Samples\ActiveMQSample\ActiveMQSample.csproj", "{F734932E-2624-4ADC-8EBE-FCE579AF09D9}"
EndProject
Project("{9A19103F-16F7-4668-BE54-9A1E7A4F7556}") = "RabbitMQ", "Connectors\RabbitMQ\RabbitMQ.csproj", "{0B5C5567-6EA2-4DA9-9DB5-E775630F5655}"
EndProject
Project("{9A19103F-16F7-4668-BE54-9A1E7A4F7556}") = "Redis", "Connectors\Redis\Redis.csproj", "{DF36557A-1F5B-4C45-8B4D-9B3C7EE5A541}"
EndProject
Project("{9A19103F-16F7-4668-BE54-9A1E7A4F7556}") = "RedisSample", "Samples\RedisSample\RedisSample.csproj", "{EA577C5C-036F-4647-80F1-03F0EFAF6081}"
EndProject
Project("{9A19103F-16F7-4668-BE54-9A1E7A4F7556}") = "RabbitMQSample", "Samples\RabbitMQSample\RabbitMQSample.csproj", "{0740514D-A6AB-41CC-9820-A619125C6C90}"
EndProject
Project("{9A19103F-16F7-4668-BE54-9A1E7A4F7556}") = "HiveMQ", "Connectors\HiveMQ\HiveMQ.csproj", "{CF37AF9A-199E-4974-B33F-D3B34CE52988}"
EndProject
Project("{9A19103F-16F7-4668-BE54-9A1E7A4F7556}") = "HiveMQSample", "Samples\HiveMQSample\HiveMQSample.csproj", "{17F3294A-6A89-4BDD-86E3-629D3506D147}"
EndProject
Project("{9A19103F-16F7-4668-BE54-9A1E7A4F7556}") = "InMemory", "Connectors\InMemory\InMemory.csproj", "{B3E315EF-6FD3-46A8-9D7B-36E3B8D14787}"
EndProject
Project("{9A19103F-16F7-4668-BE54-9A1E7A4F7556}") = "InMemorySample", "Samples\InMemorySample\InMemorySample.csproj", "{144D43A8-7154-4530-A78F-68DF7C4685E9}"
EndProject
Project("{9A19103F-16F7-4668-BE54-9A1E7A4F7556}") = "AzureServiceBus", "Connectors\AzureServiceBus\AzureServiceBus.csproj", "{55FA09B0-743D-4C9B-8C68-93803D97A5D9}"
EndProject
Project("{9A19103F-16F7-4668-BE54-9A1E7A4F7556}") = "AzureServiceBusSample", "Samples\AzureServiceBusSample\AzureServiceBusSample.csproj", "{253B079D-1B70-482E-BCB6-87E14BF46318}"
EndProject
Project("{9A19103F-16F7-4668-BE54-9A1E7A4F7556}") = "GooglePubSub", "Connectors\GooglePubSub\GooglePubSub.csproj", "{A4A49F12-2BB4-4A21-ACDB-0EB3B025A037}"
EndProject
Project("{9A19103F-16F7-4668-BE54-9A1E7A4F7556}") = "GooglePubSubSample", "Samples\GooglePubSubSample\GooglePubSubSample.csproj", "{A801332E-41B5-4DD2-914A-FDCE6E667BAE}"
EndProject
Project("{FAE04EC0-301F-11D3-BF4B-00C04F79EFBC}") = "ApachePulsar", "Connectors\ApachePulsar\ApachePulsar.csproj", "{7A7963A1-7057-4D3B-9A31-51A83256C5EE}"
EndProject
Project("{FAE04EC0-301F-11D3-BF4B-00C04F79EFBC}") = "ApachePulsarSample", "Samples\ApachePulsarSample\ApachePulsarSample.csproj", "{2E961344-1735-476E-8656-48E034EAE91B}"
EndProject
Project("{FAE04EC0-301F-11D3-BF4B-00C04F79EFBC}") = "ZeroMQ", "Connectors\ZeroMQ\ZeroMQ.csproj", "{5D1D1852-58FE-49E8-A18E-B05020698C5E}"
EndProject
Project("{FAE04EC0-301F-11D3-BF4B-00C04F79EFBC}") = "ZeroMQ", "Samples\ZeroMQ\ZeroMQ.csproj", "{FA2F4643-1C5B-4D9C-A412-9CDE5A95812A}"
EndProject
Project("{FAE04EC0-301F-11D3-BF4B-00C04F79EFBC}") = "AmazonSNQS", "Connectors\AmazonSNQS\AmazonSNQS.csproj", "{C3C253E9-F88D-443E-B76A-D49A872DF03F}"
EndProject
Project("{FAE04EC0-301F-11D3-BF4B-00C04F79EFBC}") = "AmazonSNQSSample", "Samples\AmazonSNQSSample\AmazonSNQSSample.csproj", "{5D2549D8-CD27-4B2C-8B57-11A47A22D657}"
EndProject
Project("{FAE04EC0-301F-11D3-BF4B-00C04F79EFBC}") = "BenchMark", "BenchMark\BenchMark.csproj", "{B0D4B103-94A7-4583-B9E6-CEF795D6BD98}"
EndProject
Project("{FAE04EC0-301F-11D3-BF4B-00C04F79EFBC}") = "CQRS", "CQRS\CQRS.csproj", "{E066C358-3CB8-47A1-ABF1-62697893E428}"
EndProject
Project("{2150E333-8FDC-42A3-9474-1A3956D46DE8}") = "Testing", "Testing", "{02EA681E-C7D8-13C7-8484-4AC65E1B71E8}"
EndProject
Project("{FAE04EC0-301F-11D3-BF4B-00C04F79EFBC}") = "CoreTesting", "Testing\Core\CoreTesting.csproj", "{1356D09D-4600-5FC7-03DC-7ACC659D0A13}"
EndProject
Project("{FAE04EC0-301F-11D3-BF4B-00C04F79EFBC}") = "CQRSTesting", "Testing\CQRSTesting\CQRSTesting.csproj", "{77234E39-6DF8-44C6-B77A-1B326E4C8E64}"
EndProject
Project("{FAE04EC0-301F-11D3-BF4B-00C04F79EFBC}") = "Generators", "Generators\Generators.csproj", "{BDA83E2E-9415-56A1-DC14-3FCB4636BF20}"
EndProject
Project("{FAE04EC0-301F-11D3-BF4B-00C04F79EFBC}") = "CodeGenTesting", "Testing\CodeGenTesting\CodeGenTesting.csproj", "{F75FB3A9-93C6-4BD2-8553-B1924FD6FCEC}"
EndProject
Project("{FAE04EC0-301F-11D3-BF4B-00C04F79EFBC}") = "CQRSSample", "Samples\CQRSSample\CQRSSample.csproj", "{D7ADBEFC-AF6C-5E21-75A9-E54BB8D0B545}"
EndProject
Project("{2150E333-8FDC-42A3-9474-1A3956D46DE8}") = "Shared", "Shared", "{4EF455E7-05D1-4FDA-B0F7-9AB53C9271EC}"
EndProject
Project("{2150E333-8FDC-42A3-9474-1A3956D46DE8}") = "ConnectorTesting", "ConnectorTesting", "{FD1442D3-A3A8-43CF-A2F6-1D02A0C8741D}"
EndProject
Project("{2150E333-8FDC-42A3-9474-1A3956D46DE8}") = "Shared", "Shared", "{B7DC5F27-18B7-49FE-B4CB-5A936E94E499}"
	ProjectSection(SolutionItems) = preProject
		Testing\ConnectorTesting\Shared\AServiceHarness.cs = Testing\ConnectorTesting\Shared\AServiceHarness.cs
	EndProjectSection
EndProject
Project("{2150E333-8FDC-42A3-9474-1A3956D46DE8}") = "Helpers", "Helpers", "{B3E29345-3E67-4EB0-8657-EBD516D8B91F}"
	ProjectSection(SolutionItems) = preProject
		Testing\ConnectorTesting\Shared\Helpers\BulkPubSubTestHelper.cs = Testing\ConnectorTesting\Shared\Helpers\BulkPubSubTestHelper.cs
		Testing\ConnectorTesting\Shared\Helpers\PingTestHelper.cs = Testing\ConnectorTesting\Shared\Helpers\PingTestHelper.cs
		Testing\ConnectorTesting\Shared\Helpers\PubSubTestHelper.cs = Testing\ConnectorTesting\Shared\Helpers\PubSubTestHelper.cs
		Testing\ConnectorTesting\Shared\Helpers\QueryResponseTestHelper.cs = Testing\ConnectorTesting\Shared\Helpers\QueryResponseTestHelper.cs
		Testing\ConnectorTesting\Shared\Helpers\TestHelper.cs = Testing\ConnectorTesting\Shared\Helpers\TestHelper.cs
	EndProjectSection
EndProject
Project("{FAE04EC0-301F-11D3-BF4B-00C04F79EFBC}") = "ActiveMQ", "Testing\ConnectorTesting\ActiveMQ\ActiveMQ.csproj", "{F91373D9-CC16-4451-AD41-277B9EA9AF31}"
EndProject
Project("{2150E333-8FDC-42A3-9474-1A3956D46DE8}") = "Messages", "Messages", "{8AD87365-9FB0-4882-9780-2150291DA7E2}"
	ProjectSection(SolutionItems) = preProject
		Testing\ConnectorTesting\Shared\Messages\Announcement.cs = Testing\ConnectorTesting\Shared\Messages\Announcement.cs
		Testing\ConnectorTesting\Shared\Messages\Prompt.cs = Testing\ConnectorTesting\Shared\Messages\Prompt.cs
		Testing\ConnectorTesting\Shared\Messages\TestMessageContext.cs = Testing\ConnectorTesting\Shared\Messages\TestMessageContext.cs
	EndProjectSection
EndProject
Project("{FAE04EC0-301F-11D3-BF4B-00C04F79EFBC}") = "AmazonSQNS", "Testing\ConnectorTesting\AmazonSQNS\AmazonSQNS.csproj", "{F451C17C-7F71-4611-615B-4AFBD48D76F7}"
EndProject
Project("{FAE04EC0-301F-11D3-BF4B-00C04F79EFBC}") = "AzureServiceBus", "Testing\ConnectorTesting\AzureServiceBus\AzureServiceBus.csproj", "{E95A2EC8-945F-93B7-36FB-4118563CAB2F}"
EndProject
Project("{FAE04EC0-301F-11D3-BF4B-00C04F79EFBC}") = "GooglePubSub", "Testing\ConnectorTesting\GooglePubSub\GooglePubSub.csproj", "{A541C8F1-5AD5-7D12-2CB7-F7910665E7A4}"
EndProject
Project("{FAE04EC0-301F-11D3-BF4B-00C04F79EFBC}") = "HiveMQ", "Testing\ConnectorTesting\HiveMQ\HiveMQ.csproj", "{92F6A8D7-E4FB-6B43-184D-3BF7DB47546A}"
EndProject
Project("{FAE04EC0-301F-11D3-BF4B-00C04F79EFBC}") = "InMemory", "Testing\ConnectorTesting\InMemory\InMemory.csproj", "{C6BBBCB8-EF36-8F91-9DA7-CB1728505F37}"
EndProject
Project("{FAE04EC0-301F-11D3-BF4B-00C04F79EFBC}") = "Kafka", "Testing\ConnectorTesting\Kafka\Kafka.csproj", "{0EAF089B-15BE-3BA2-41F0-1D484DE1B205}"
EndProject
Project("{FAE04EC0-301F-11D3-BF4B-00C04F79EFBC}") = "Nats", "Testing\ConnectorTesting\Nats\Nats.csproj", "{3D99D0D4-10C8-29B2-7A91-F1F676A9E597}"
EndProject
Project("{FAE04EC0-301F-11D3-BF4B-00C04F79EFBC}") = "Pulsar", "Testing\ConnectorTesting\Pulsar\Pulsar.csproj", "{FECE3428-E9AA-D499-B2ED-582DC5320543}"
EndProject
Project("{FAE04EC0-301F-11D3-BF4B-00C04F79EFBC}") = "RabbitMQ", "Testing\ConnectorTesting\RabbitMQ\RabbitMQ.csproj", "{2445445E-DC58-7A9A-47B6-E798E3020213}"
EndProject
Project("{FAE04EC0-301F-11D3-BF4B-00C04F79EFBC}") = "Redis", "Testing\ConnectorTesting\Redis\Redis.csproj", "{B28549D8-8EB5-17F9-3B63-300CA116B4AB}"
EndProject
Project("{FAE04EC0-301F-11D3-BF4B-00C04F79EFBC}") = "ZeroMQ", "Testing\ConnectorTesting\ZeroMQ\ZeroMQ.csproj", "{4991FA1B-C670-2E85-18C0-2946975AC7F6}"
EndProject
Global
	GlobalSection(SolutionConfigurationPlatforms) = preSolution
		Debug|Any CPU = Debug|Any CPU
		Release|Any CPU = Release|Any CPU
	EndGlobalSection
	GlobalSection(ProjectConfigurationPlatforms) = postSolution
		{38A53CAD-5796-42CC-8FA6-CEBBC67769E6}.Debug|Any CPU.ActiveCfg = Debug|Any CPU
		{38A53CAD-5796-42CC-8FA6-CEBBC67769E6}.Debug|Any CPU.Build.0 = Debug|Any CPU
		{38A53CAD-5796-42CC-8FA6-CEBBC67769E6}.Release|Any CPU.ActiveCfg = Release|Any CPU
		{38A53CAD-5796-42CC-8FA6-CEBBC67769E6}.Release|Any CPU.Build.0 = Release|Any CPU
		{2B020948-D052-488F-85DE-63BE37CCBBA5}.Debug|Any CPU.ActiveCfg = Debug|Any CPU
		{2B020948-D052-488F-85DE-63BE37CCBBA5}.Debug|Any CPU.Build.0 = Debug|Any CPU
		{2B020948-D052-488F-85DE-63BE37CCBBA5}.Release|Any CPU.ActiveCfg = Release|Any CPU
		{2B020948-D052-488F-85DE-63BE37CCBBA5}.Release|Any CPU.Build.0 = Release|Any CPU
		{45E457C0-A62C-4A7A-A427-77D9BE0AD351}.Debug|Any CPU.ActiveCfg = Debug|Any CPU
		{45E457C0-A62C-4A7A-A427-77D9BE0AD351}.Debug|Any CPU.Build.0 = Debug|Any CPU
		{45E457C0-A62C-4A7A-A427-77D9BE0AD351}.Release|Any CPU.ActiveCfg = Release|Any CPU
		{45E457C0-A62C-4A7A-A427-77D9BE0AD351}.Release|Any CPU.Build.0 = Release|Any CPU
		{BA709FAF-D716-4AD0-A5AA-E61F3F0A9AFC}.Debug|Any CPU.ActiveCfg = Debug|Any CPU
		{BA709FAF-D716-4AD0-A5AA-E61F3F0A9AFC}.Debug|Any CPU.Build.0 = Debug|Any CPU
		{BA709FAF-D716-4AD0-A5AA-E61F3F0A9AFC}.Release|Any CPU.ActiveCfg = Release|Any CPU
		{BA709FAF-D716-4AD0-A5AA-E61F3F0A9AFC}.Release|Any CPU.Build.0 = Release|Any CPU
		{D0C72055-C9A1-4F98-B7CB-A6A15644B689}.Debug|Any CPU.ActiveCfg = Debug|Any CPU
		{D0C72055-C9A1-4F98-B7CB-A6A15644B689}.Debug|Any CPU.Build.0 = Debug|Any CPU
		{D0C72055-C9A1-4F98-B7CB-A6A15644B689}.Release|Any CPU.ActiveCfg = Release|Any CPU
		{D0C72055-C9A1-4F98-B7CB-A6A15644B689}.Release|Any CPU.Build.0 = Release|Any CPU
		{FEA3590A-A727-444A-B623-A6B33260780B}.Debug|Any CPU.ActiveCfg = Debug|Any CPU
		{FEA3590A-A727-444A-B623-A6B33260780B}.Debug|Any CPU.Build.0 = Debug|Any CPU
		{FEA3590A-A727-444A-B623-A6B33260780B}.Release|Any CPU.ActiveCfg = Release|Any CPU
		{FEA3590A-A727-444A-B623-A6B33260780B}.Release|Any CPU.Build.0 = Release|Any CPU
		{5A27E00D-B132-4292-9D98-272A172F883A}.Debug|Any CPU.ActiveCfg = Debug|Any CPU
		{5A27E00D-B132-4292-9D98-272A172F883A}.Debug|Any CPU.Build.0 = Debug|Any CPU
		{5A27E00D-B132-4292-9D98-272A172F883A}.Release|Any CPU.ActiveCfg = Release|Any CPU
		{5A27E00D-B132-4292-9D98-272A172F883A}.Release|Any CPU.Build.0 = Release|Any CPU
		{E3CE4E3B-8500-4888-BBA5-0256A129C9F5}.Debug|Any CPU.ActiveCfg = Debug|Any CPU
		{E3CE4E3B-8500-4888-BBA5-0256A129C9F5}.Debug|Any CPU.Build.0 = Debug|Any CPU
		{E3CE4E3B-8500-4888-BBA5-0256A129C9F5}.Release|Any CPU.ActiveCfg = Release|Any CPU
		{E3CE4E3B-8500-4888-BBA5-0256A129C9F5}.Release|Any CPU.Build.0 = Release|Any CPU
		{76FFF0EF-C7F4-4D07-9CE1-CA695037CC11}.Debug|Any CPU.ActiveCfg = Debug|Any CPU
		{76FFF0EF-C7F4-4D07-9CE1-CA695037CC11}.Debug|Any CPU.Build.0 = Debug|Any CPU
		{76FFF0EF-C7F4-4D07-9CE1-CA695037CC11}.Release|Any CPU.ActiveCfg = Release|Any CPU
		{76FFF0EF-C7F4-4D07-9CE1-CA695037CC11}.Release|Any CPU.Build.0 = Release|Any CPU
		{3DF8097C-D24F-4AB9-98E3-A17607ECCE25}.Debug|Any CPU.ActiveCfg = Debug|Any CPU
		{3DF8097C-D24F-4AB9-98E3-A17607ECCE25}.Debug|Any CPU.Build.0 = Debug|Any CPU
		{3DF8097C-D24F-4AB9-98E3-A17607ECCE25}.Release|Any CPU.ActiveCfg = Release|Any CPU
		{3DF8097C-D24F-4AB9-98E3-A17607ECCE25}.Release|Any CPU.Build.0 = Release|Any CPU
		{F734932E-2624-4ADC-8EBE-FCE579AF09D9}.Debug|Any CPU.ActiveCfg = Debug|Any CPU
		{F734932E-2624-4ADC-8EBE-FCE579AF09D9}.Debug|Any CPU.Build.0 = Debug|Any CPU
		{F734932E-2624-4ADC-8EBE-FCE579AF09D9}.Release|Any CPU.ActiveCfg = Release|Any CPU
		{F734932E-2624-4ADC-8EBE-FCE579AF09D9}.Release|Any CPU.Build.0 = Release|Any CPU
		{0B5C5567-6EA2-4DA9-9DB5-E775630F5655}.Debug|Any CPU.ActiveCfg = Debug|Any CPU
		{0B5C5567-6EA2-4DA9-9DB5-E775630F5655}.Debug|Any CPU.Build.0 = Debug|Any CPU
		{0B5C5567-6EA2-4DA9-9DB5-E775630F5655}.Release|Any CPU.ActiveCfg = Release|Any CPU
		{0B5C5567-6EA2-4DA9-9DB5-E775630F5655}.Release|Any CPU.Build.0 = Release|Any CPU
		{DF36557A-1F5B-4C45-8B4D-9B3C7EE5A541}.Debug|Any CPU.ActiveCfg = Debug|Any CPU
		{DF36557A-1F5B-4C45-8B4D-9B3C7EE5A541}.Debug|Any CPU.Build.0 = Debug|Any CPU
		{DF36557A-1F5B-4C45-8B4D-9B3C7EE5A541}.Release|Any CPU.ActiveCfg = Release|Any CPU
		{DF36557A-1F5B-4C45-8B4D-9B3C7EE5A541}.Release|Any CPU.Build.0 = Release|Any CPU
		{EA577C5C-036F-4647-80F1-03F0EFAF6081}.Debug|Any CPU.ActiveCfg = Debug|Any CPU
		{EA577C5C-036F-4647-80F1-03F0EFAF6081}.Debug|Any CPU.Build.0 = Debug|Any CPU
		{EA577C5C-036F-4647-80F1-03F0EFAF6081}.Release|Any CPU.ActiveCfg = Release|Any CPU
		{EA577C5C-036F-4647-80F1-03F0EFAF6081}.Release|Any CPU.Build.0 = Release|Any CPU
		{0740514D-A6AB-41CC-9820-A619125C6C90}.Debug|Any CPU.ActiveCfg = Debug|Any CPU
		{0740514D-A6AB-41CC-9820-A619125C6C90}.Debug|Any CPU.Build.0 = Debug|Any CPU
		{0740514D-A6AB-41CC-9820-A619125C6C90}.Release|Any CPU.ActiveCfg = Release|Any CPU
		{0740514D-A6AB-41CC-9820-A619125C6C90}.Release|Any CPU.Build.0 = Release|Any CPU
		{CF37AF9A-199E-4974-B33F-D3B34CE52988}.Debug|Any CPU.ActiveCfg = Debug|Any CPU
		{CF37AF9A-199E-4974-B33F-D3B34CE52988}.Debug|Any CPU.Build.0 = Debug|Any CPU
		{CF37AF9A-199E-4974-B33F-D3B34CE52988}.Release|Any CPU.ActiveCfg = Release|Any CPU
		{CF37AF9A-199E-4974-B33F-D3B34CE52988}.Release|Any CPU.Build.0 = Release|Any CPU
		{17F3294A-6A89-4BDD-86E3-629D3506D147}.Debug|Any CPU.ActiveCfg = Debug|Any CPU
		{17F3294A-6A89-4BDD-86E3-629D3506D147}.Debug|Any CPU.Build.0 = Debug|Any CPU
		{17F3294A-6A89-4BDD-86E3-629D3506D147}.Release|Any CPU.ActiveCfg = Release|Any CPU
		{17F3294A-6A89-4BDD-86E3-629D3506D147}.Release|Any CPU.Build.0 = Release|Any CPU
		{B3E315EF-6FD3-46A8-9D7B-36E3B8D14787}.Debug|Any CPU.ActiveCfg = Debug|Any CPU
		{B3E315EF-6FD3-46A8-9D7B-36E3B8D14787}.Debug|Any CPU.Build.0 = Debug|Any CPU
		{B3E315EF-6FD3-46A8-9D7B-36E3B8D14787}.Release|Any CPU.ActiveCfg = Release|Any CPU
		{B3E315EF-6FD3-46A8-9D7B-36E3B8D14787}.Release|Any CPU.Build.0 = Release|Any CPU
		{144D43A8-7154-4530-A78F-68DF7C4685E9}.Debug|Any CPU.ActiveCfg = Debug|Any CPU
		{144D43A8-7154-4530-A78F-68DF7C4685E9}.Debug|Any CPU.Build.0 = Debug|Any CPU
		{144D43A8-7154-4530-A78F-68DF7C4685E9}.Release|Any CPU.ActiveCfg = Release|Any CPU
		{144D43A8-7154-4530-A78F-68DF7C4685E9}.Release|Any CPU.Build.0 = Release|Any CPU
		{55FA09B0-743D-4C9B-8C68-93803D97A5D9}.Debug|Any CPU.ActiveCfg = Debug|Any CPU
		{55FA09B0-743D-4C9B-8C68-93803D97A5D9}.Debug|Any CPU.Build.0 = Debug|Any CPU
		{55FA09B0-743D-4C9B-8C68-93803D97A5D9}.Release|Any CPU.ActiveCfg = Release|Any CPU
		{55FA09B0-743D-4C9B-8C68-93803D97A5D9}.Release|Any CPU.Build.0 = Release|Any CPU
		{253B079D-1B70-482E-BCB6-87E14BF46318}.Debug|Any CPU.ActiveCfg = Debug|Any CPU
		{253B079D-1B70-482E-BCB6-87E14BF46318}.Debug|Any CPU.Build.0 = Debug|Any CPU
		{253B079D-1B70-482E-BCB6-87E14BF46318}.Release|Any CPU.ActiveCfg = Release|Any CPU
		{253B079D-1B70-482E-BCB6-87E14BF46318}.Release|Any CPU.Build.0 = Release|Any CPU
		{A4A49F12-2BB4-4A21-ACDB-0EB3B025A037}.Debug|Any CPU.ActiveCfg = Debug|Any CPU
		{A4A49F12-2BB4-4A21-ACDB-0EB3B025A037}.Debug|Any CPU.Build.0 = Debug|Any CPU
		{A4A49F12-2BB4-4A21-ACDB-0EB3B025A037}.Release|Any CPU.ActiveCfg = Release|Any CPU
		{A4A49F12-2BB4-4A21-ACDB-0EB3B025A037}.Release|Any CPU.Build.0 = Release|Any CPU
		{A801332E-41B5-4DD2-914A-FDCE6E667BAE}.Debug|Any CPU.ActiveCfg = Debug|Any CPU
		{A801332E-41B5-4DD2-914A-FDCE6E667BAE}.Debug|Any CPU.Build.0 = Debug|Any CPU
		{A801332E-41B5-4DD2-914A-FDCE6E667BAE}.Release|Any CPU.ActiveCfg = Release|Any CPU
		{A801332E-41B5-4DD2-914A-FDCE6E667BAE}.Release|Any CPU.Build.0 = Release|Any CPU
		{7A7963A1-7057-4D3B-9A31-51A83256C5EE}.Debug|Any CPU.ActiveCfg = Debug|Any CPU
		{7A7963A1-7057-4D3B-9A31-51A83256C5EE}.Debug|Any CPU.Build.0 = Debug|Any CPU
		{7A7963A1-7057-4D3B-9A31-51A83256C5EE}.Release|Any CPU.ActiveCfg = Release|Any CPU
		{7A7963A1-7057-4D3B-9A31-51A83256C5EE}.Release|Any CPU.Build.0 = Release|Any CPU
		{2E961344-1735-476E-8656-48E034EAE91B}.Debug|Any CPU.ActiveCfg = Debug|Any CPU
		{2E961344-1735-476E-8656-48E034EAE91B}.Debug|Any CPU.Build.0 = Debug|Any CPU
		{2E961344-1735-476E-8656-48E034EAE91B}.Release|Any CPU.ActiveCfg = Release|Any CPU
		{2E961344-1735-476E-8656-48E034EAE91B}.Release|Any CPU.Build.0 = Release|Any CPU
		{5D1D1852-58FE-49E8-A18E-B05020698C5E}.Debug|Any CPU.ActiveCfg = Debug|Any CPU
		{5D1D1852-58FE-49E8-A18E-B05020698C5E}.Debug|Any CPU.Build.0 = Debug|Any CPU
		{5D1D1852-58FE-49E8-A18E-B05020698C5E}.Release|Any CPU.ActiveCfg = Release|Any CPU
		{5D1D1852-58FE-49E8-A18E-B05020698C5E}.Release|Any CPU.Build.0 = Release|Any CPU
		{FA2F4643-1C5B-4D9C-A412-9CDE5A95812A}.Debug|Any CPU.ActiveCfg = Debug|Any CPU
		{FA2F4643-1C5B-4D9C-A412-9CDE5A95812A}.Debug|Any CPU.Build.0 = Debug|Any CPU
		{FA2F4643-1C5B-4D9C-A412-9CDE5A95812A}.Release|Any CPU.ActiveCfg = Release|Any CPU
		{FA2F4643-1C5B-4D9C-A412-9CDE5A95812A}.Release|Any CPU.Build.0 = Release|Any CPU
		{C3C253E9-F88D-443E-B76A-D49A872DF03F}.Debug|Any CPU.ActiveCfg = Debug|Any CPU
		{C3C253E9-F88D-443E-B76A-D49A872DF03F}.Debug|Any CPU.Build.0 = Debug|Any CPU
		{C3C253E9-F88D-443E-B76A-D49A872DF03F}.Release|Any CPU.ActiveCfg = Release|Any CPU
		{C3C253E9-F88D-443E-B76A-D49A872DF03F}.Release|Any CPU.Build.0 = Release|Any CPU
		{5D2549D8-CD27-4B2C-8B57-11A47A22D657}.Debug|Any CPU.ActiveCfg = Debug|Any CPU
		{5D2549D8-CD27-4B2C-8B57-11A47A22D657}.Debug|Any CPU.Build.0 = Debug|Any CPU
		{5D2549D8-CD27-4B2C-8B57-11A47A22D657}.Release|Any CPU.ActiveCfg = Release|Any CPU
		{5D2549D8-CD27-4B2C-8B57-11A47A22D657}.Release|Any CPU.Build.0 = Release|Any CPU
		{B0D4B103-94A7-4583-B9E6-CEF795D6BD98}.Debug|Any CPU.ActiveCfg = Debug|Any CPU
		{B0D4B103-94A7-4583-B9E6-CEF795D6BD98}.Debug|Any CPU.Build.0 = Debug|Any CPU
		{B0D4B103-94A7-4583-B9E6-CEF795D6BD98}.Release|Any CPU.ActiveCfg = Release|Any CPU
		{B0D4B103-94A7-4583-B9E6-CEF795D6BD98}.Release|Any CPU.Build.0 = Release|Any CPU
		{E066C358-3CB8-47A1-ABF1-62697893E428}.Debug|Any CPU.ActiveCfg = Debug|Any CPU
		{E066C358-3CB8-47A1-ABF1-62697893E428}.Debug|Any CPU.Build.0 = Debug|Any CPU
		{E066C358-3CB8-47A1-ABF1-62697893E428}.Release|Any CPU.ActiveCfg = Release|Any CPU
		{E066C358-3CB8-47A1-ABF1-62697893E428}.Release|Any CPU.Build.0 = Release|Any CPU
		{1356D09D-4600-5FC7-03DC-7ACC659D0A13}.Debug|Any CPU.ActiveCfg = Debug|Any CPU
		{1356D09D-4600-5FC7-03DC-7ACC659D0A13}.Debug|Any CPU.Build.0 = Debug|Any CPU
		{1356D09D-4600-5FC7-03DC-7ACC659D0A13}.Release|Any CPU.ActiveCfg = Release|Any CPU
		{1356D09D-4600-5FC7-03DC-7ACC659D0A13}.Release|Any CPU.Build.0 = Release|Any CPU
		{77234E39-6DF8-44C6-B77A-1B326E4C8E64}.Debug|Any CPU.ActiveCfg = Debug|Any CPU
		{77234E39-6DF8-44C6-B77A-1B326E4C8E64}.Debug|Any CPU.Build.0 = Debug|Any CPU
		{77234E39-6DF8-44C6-B77A-1B326E4C8E64}.Release|Any CPU.ActiveCfg = Release|Any CPU
		{77234E39-6DF8-44C6-B77A-1B326E4C8E64}.Release|Any CPU.Build.0 = Release|Any CPU
		{BDA83E2E-9415-56A1-DC14-3FCB4636BF20}.Debug|Any CPU.ActiveCfg = Debug|Any CPU
		{BDA83E2E-9415-56A1-DC14-3FCB4636BF20}.Debug|Any CPU.Build.0 = Debug|Any CPU
		{BDA83E2E-9415-56A1-DC14-3FCB4636BF20}.Release|Any CPU.ActiveCfg = Release|Any CPU
		{BDA83E2E-9415-56A1-DC14-3FCB4636BF20}.Release|Any CPU.Build.0 = Release|Any CPU
		{F75FB3A9-93C6-4BD2-8553-B1924FD6FCEC}.Debug|Any CPU.ActiveCfg = Debug|Any CPU
		{F75FB3A9-93C6-4BD2-8553-B1924FD6FCEC}.Debug|Any CPU.Build.0 = Debug|Any CPU
		{F75FB3A9-93C6-4BD2-8553-B1924FD6FCEC}.Release|Any CPU.ActiveCfg = Release|Any CPU
		{F75FB3A9-93C6-4BD2-8553-B1924FD6FCEC}.Release|Any CPU.Build.0 = Release|Any CPU
		{D7ADBEFC-AF6C-5E21-75A9-E54BB8D0B545}.Debug|Any CPU.ActiveCfg = Debug|Any CPU
		{D7ADBEFC-AF6C-5E21-75A9-E54BB8D0B545}.Debug|Any CPU.Build.0 = Debug|Any CPU
		{D7ADBEFC-AF6C-5E21-75A9-E54BB8D0B545}.Release|Any CPU.ActiveCfg = Release|Any CPU
		{D7ADBEFC-AF6C-5E21-75A9-E54BB8D0B545}.Release|Any CPU.Build.0 = Release|Any CPU
		{F91373D9-CC16-4451-AD41-277B9EA9AF31}.Debug|Any CPU.ActiveCfg = Debug|Any CPU
		{F91373D9-CC16-4451-AD41-277B9EA9AF31}.Debug|Any CPU.Build.0 = Debug|Any CPU
		{F91373D9-CC16-4451-AD41-277B9EA9AF31}.Release|Any CPU.ActiveCfg = Release|Any CPU
		{F91373D9-CC16-4451-AD41-277B9EA9AF31}.Release|Any CPU.Build.0 = Release|Any CPU
		{F451C17C-7F71-4611-615B-4AFBD48D76F7}.Debug|Any CPU.ActiveCfg = Debug|Any CPU
		{F451C17C-7F71-4611-615B-4AFBD48D76F7}.Debug|Any CPU.Build.0 = Debug|Any CPU
		{F451C17C-7F71-4611-615B-4AFBD48D76F7}.Release|Any CPU.ActiveCfg = Release|Any CPU
		{F451C17C-7F71-4611-615B-4AFBD48D76F7}.Release|Any CPU.Build.0 = Release|Any CPU
		{E95A2EC8-945F-93B7-36FB-4118563CAB2F}.Debug|Any CPU.ActiveCfg = Debug|Any CPU
		{E95A2EC8-945F-93B7-36FB-4118563CAB2F}.Debug|Any CPU.Build.0 = Debug|Any CPU
		{E95A2EC8-945F-93B7-36FB-4118563CAB2F}.Release|Any CPU.ActiveCfg = Release|Any CPU
		{E95A2EC8-945F-93B7-36FB-4118563CAB2F}.Release|Any CPU.Build.0 = Release|Any CPU
		{A541C8F1-5AD5-7D12-2CB7-F7910665E7A4}.Debug|Any CPU.ActiveCfg = Debug|Any CPU
		{A541C8F1-5AD5-7D12-2CB7-F7910665E7A4}.Debug|Any CPU.Build.0 = Debug|Any CPU
		{A541C8F1-5AD5-7D12-2CB7-F7910665E7A4}.Release|Any CPU.ActiveCfg = Release|Any CPU
		{A541C8F1-5AD5-7D12-2CB7-F7910665E7A4}.Release|Any CPU.Build.0 = Release|Any CPU
		{92F6A8D7-E4FB-6B43-184D-3BF7DB47546A}.Debug|Any CPU.ActiveCfg = Debug|Any CPU
		{92F6A8D7-E4FB-6B43-184D-3BF7DB47546A}.Debug|Any CPU.Build.0 = Debug|Any CPU
		{92F6A8D7-E4FB-6B43-184D-3BF7DB47546A}.Release|Any CPU.ActiveCfg = Release|Any CPU
		{92F6A8D7-E4FB-6B43-184D-3BF7DB47546A}.Release|Any CPU.Build.0 = Release|Any CPU
		{C6BBBCB8-EF36-8F91-9DA7-CB1728505F37}.Debug|Any CPU.ActiveCfg = Debug|Any CPU
		{C6BBBCB8-EF36-8F91-9DA7-CB1728505F37}.Debug|Any CPU.Build.0 = Debug|Any CPU
		{C6BBBCB8-EF36-8F91-9DA7-CB1728505F37}.Release|Any CPU.ActiveCfg = Release|Any CPU
		{C6BBBCB8-EF36-8F91-9DA7-CB1728505F37}.Release|Any CPU.Build.0 = Release|Any CPU
		{0EAF089B-15BE-3BA2-41F0-1D484DE1B205}.Debug|Any CPU.ActiveCfg = Debug|Any CPU
		{0EAF089B-15BE-3BA2-41F0-1D484DE1B205}.Debug|Any CPU.Build.0 = Debug|Any CPU
		{0EAF089B-15BE-3BA2-41F0-1D484DE1B205}.Release|Any CPU.ActiveCfg = Release|Any CPU
		{0EAF089B-15BE-3BA2-41F0-1D484DE1B205}.Release|Any CPU.Build.0 = Release|Any CPU
		{3D99D0D4-10C8-29B2-7A91-F1F676A9E597}.Debug|Any CPU.ActiveCfg = Debug|Any CPU
		{3D99D0D4-10C8-29B2-7A91-F1F676A9E597}.Debug|Any CPU.Build.0 = Debug|Any CPU
		{3D99D0D4-10C8-29B2-7A91-F1F676A9E597}.Release|Any CPU.ActiveCfg = Release|Any CPU
		{3D99D0D4-10C8-29B2-7A91-F1F676A9E597}.Release|Any CPU.Build.0 = Release|Any CPU
		{FECE3428-E9AA-D499-B2ED-582DC5320543}.Debug|Any CPU.ActiveCfg = Debug|Any CPU
		{FECE3428-E9AA-D499-B2ED-582DC5320543}.Debug|Any CPU.Build.0 = Debug|Any CPU
		{FECE3428-E9AA-D499-B2ED-582DC5320543}.Release|Any CPU.ActiveCfg = Release|Any CPU
		{FECE3428-E9AA-D499-B2ED-582DC5320543}.Release|Any CPU.Build.0 = Release|Any CPU
		{2445445E-DC58-7A9A-47B6-E798E3020213}.Debug|Any CPU.ActiveCfg = Debug|Any CPU
		{2445445E-DC58-7A9A-47B6-E798E3020213}.Debug|Any CPU.Build.0 = Debug|Any CPU
		{2445445E-DC58-7A9A-47B6-E798E3020213}.Release|Any CPU.ActiveCfg = Release|Any CPU
		{2445445E-DC58-7A9A-47B6-E798E3020213}.Release|Any CPU.Build.0 = Release|Any CPU
		{B28549D8-8EB5-17F9-3B63-300CA116B4AB}.Debug|Any CPU.ActiveCfg = Debug|Any CPU
		{B28549D8-8EB5-17F9-3B63-300CA116B4AB}.Debug|Any CPU.Build.0 = Debug|Any CPU
		{B28549D8-8EB5-17F9-3B63-300CA116B4AB}.Release|Any CPU.ActiveCfg = Release|Any CPU
		{B28549D8-8EB5-17F9-3B63-300CA116B4AB}.Release|Any CPU.Build.0 = Release|Any CPU
		{4991FA1B-C670-2E85-18C0-2946975AC7F6}.Debug|Any CPU.ActiveCfg = Debug|Any CPU
		{4991FA1B-C670-2E85-18C0-2946975AC7F6}.Debug|Any CPU.Build.0 = Debug|Any CPU
		{4991FA1B-C670-2E85-18C0-2946975AC7F6}.Release|Any CPU.ActiveCfg = Release|Any CPU
		{4991FA1B-C670-2E85-18C0-2946975AC7F6}.Release|Any CPU.Build.0 = Release|Any CPU
	EndGlobalSection
	GlobalSection(SolutionProperties) = preSolution
		HideSolutionNode = FALSE
	EndGlobalSection
	GlobalSection(NestedProjects) = preSolution
		{2B020948-D052-488F-85DE-63BE37CCBBA5} = {FCAD12F9-6992-44D7-8E78-464181584E06}
		{45E457C0-A62C-4A7A-A427-77D9BE0AD351} = {FCAD12F9-6992-44D7-8E78-464181584E06}
		{D0C72055-C9A1-4F98-B7CB-A6A15644B689} = {0DAB9C52-BDAF-44CD-B10A-B9E057105696}
		{FEA3590A-A727-444A-B623-A6B33260780B} = {0DAB9C52-BDAF-44CD-B10A-B9E057105696}
		{5A27E00D-B132-4292-9D98-272A172F883A} = {0DAB9C52-BDAF-44CD-B10A-B9E057105696}
		{E3CE4E3B-8500-4888-BBA5-0256A129C9F5} = {FCAD12F9-6992-44D7-8E78-464181584E06}
		{76FFF0EF-C7F4-4D07-9CE1-CA695037CC11} = {0DAB9C52-BDAF-44CD-B10A-B9E057105696}
		{3DF8097C-D24F-4AB9-98E3-A17607ECCE25} = {FCAD12F9-6992-44D7-8E78-464181584E06}
		{F734932E-2624-4ADC-8EBE-FCE579AF09D9} = {0DAB9C52-BDAF-44CD-B10A-B9E057105696}
		{0B5C5567-6EA2-4DA9-9DB5-E775630F5655} = {FCAD12F9-6992-44D7-8E78-464181584E06}
		{DF36557A-1F5B-4C45-8B4D-9B3C7EE5A541} = {FCAD12F9-6992-44D7-8E78-464181584E06}
		{EA577C5C-036F-4647-80F1-03F0EFAF6081} = {0DAB9C52-BDAF-44CD-B10A-B9E057105696}
		{0740514D-A6AB-41CC-9820-A619125C6C90} = {0DAB9C52-BDAF-44CD-B10A-B9E057105696}
		{CF37AF9A-199E-4974-B33F-D3B34CE52988} = {FCAD12F9-6992-44D7-8E78-464181584E06}
		{17F3294A-6A89-4BDD-86E3-629D3506D147} = {0DAB9C52-BDAF-44CD-B10A-B9E057105696}
		{B3E315EF-6FD3-46A8-9D7B-36E3B8D14787} = {FCAD12F9-6992-44D7-8E78-464181584E06}
		{144D43A8-7154-4530-A78F-68DF7C4685E9} = {0DAB9C52-BDAF-44CD-B10A-B9E057105696}
		{55FA09B0-743D-4C9B-8C68-93803D97A5D9} = {FCAD12F9-6992-44D7-8E78-464181584E06}
		{253B079D-1B70-482E-BCB6-87E14BF46318} = {0DAB9C52-BDAF-44CD-B10A-B9E057105696}
		{A4A49F12-2BB4-4A21-ACDB-0EB3B025A037} = {FCAD12F9-6992-44D7-8E78-464181584E06}
		{A801332E-41B5-4DD2-914A-FDCE6E667BAE} = {0DAB9C52-BDAF-44CD-B10A-B9E057105696}
		{7A7963A1-7057-4D3B-9A31-51A83256C5EE} = {FCAD12F9-6992-44D7-8E78-464181584E06}
		{2E961344-1735-476E-8656-48E034EAE91B} = {0DAB9C52-BDAF-44CD-B10A-B9E057105696}
		{5D1D1852-58FE-49E8-A18E-B05020698C5E} = {FCAD12F9-6992-44D7-8E78-464181584E06}
		{FA2F4643-1C5B-4D9C-A412-9CDE5A95812A} = {0DAB9C52-BDAF-44CD-B10A-B9E057105696}
		{C3C253E9-F88D-443E-B76A-D49A872DF03F} = {FCAD12F9-6992-44D7-8E78-464181584E06}
		{5D2549D8-CD27-4B2C-8B57-11A47A22D657} = {0DAB9C52-BDAF-44CD-B10A-B9E057105696}
		{1356D09D-4600-5FC7-03DC-7ACC659D0A13} = {02EA681E-C7D8-13C7-8484-4AC65E1B71E8}
		{77234E39-6DF8-44C6-B77A-1B326E4C8E64} = {02EA681E-C7D8-13C7-8484-4AC65E1B71E8}
		{F75FB3A9-93C6-4BD2-8553-B1924FD6FCEC} = {02EA681E-C7D8-13C7-8484-4AC65E1B71E8}
		{D7ADBEFC-AF6C-5E21-75A9-E54BB8D0B545} = {0DAB9C52-BDAF-44CD-B10A-B9E057105696}
		{4EF455E7-05D1-4FDA-B0F7-9AB53C9271EC} = {FCAD12F9-6992-44D7-8E78-464181584E06}
		{FD1442D3-A3A8-43CF-A2F6-1D02A0C8741D} = {02EA681E-C7D8-13C7-8484-4AC65E1B71E8}
		{B7DC5F27-18B7-49FE-B4CB-5A936E94E499} = {FD1442D3-A3A8-43CF-A2F6-1D02A0C8741D}
		{B3E29345-3E67-4EB0-8657-EBD516D8B91F} = {B7DC5F27-18B7-49FE-B4CB-5A936E94E499}
		{F91373D9-CC16-4451-AD41-277B9EA9AF31} = {FD1442D3-A3A8-43CF-A2F6-1D02A0C8741D}
		{8AD87365-9FB0-4882-9780-2150291DA7E2} = {B7DC5F27-18B7-49FE-B4CB-5A936E94E499}
		{F451C17C-7F71-4611-615B-4AFBD48D76F7} = {FD1442D3-A3A8-43CF-A2F6-1D02A0C8741D}
		{E95A2EC8-945F-93B7-36FB-4118563CAB2F} = {FD1442D3-A3A8-43CF-A2F6-1D02A0C8741D}
		{A541C8F1-5AD5-7D12-2CB7-F7910665E7A4} = {FD1442D3-A3A8-43CF-A2F6-1D02A0C8741D}
		{92F6A8D7-E4FB-6B43-184D-3BF7DB47546A} = {FD1442D3-A3A8-43CF-A2F6-1D02A0C8741D}
		{C6BBBCB8-EF36-8F91-9DA7-CB1728505F37} = {FD1442D3-A3A8-43CF-A2F6-1D02A0C8741D}
		{0EAF089B-15BE-3BA2-41F0-1D484DE1B205} = {FD1442D3-A3A8-43CF-A2F6-1D02A0C8741D}
		{3D99D0D4-10C8-29B2-7A91-F1F676A9E597} = {FD1442D3-A3A8-43CF-A2F6-1D02A0C8741D}
		{FECE3428-E9AA-D499-B2ED-582DC5320543} = {FD1442D3-A3A8-43CF-A2F6-1D02A0C8741D}
		{2445445E-DC58-7A9A-47B6-E798E3020213} = {FD1442D3-A3A8-43CF-A2F6-1D02A0C8741D}
		{B28549D8-8EB5-17F9-3B63-300CA116B4AB} = {FD1442D3-A3A8-43CF-A2F6-1D02A0C8741D}
		{4991FA1B-C670-2E85-18C0-2946975AC7F6} = {FD1442D3-A3A8-43CF-A2F6-1D02A0C8741D}
	EndGlobalSection
	GlobalSection(ExtensibilityGlobals) = postSolution
		SolutionGuid = {F4431E3A-7CBE-469C-A7FE-0A48F6768E02}
	EndGlobalSection
EndGlobal
