
Microsoft Visual Studio Solution File, Format Version 12.00
# Visual Studio Version 17
VisualStudioVersion = 17.9.34622.214
MinimumVisualStudioVersion = 10.0.40219.1
Project("{9A19103F-16F7-4668-BE54-9A1E7A4F7556}") = "Core", "Core\Core.csproj", "{38A53CAD-5796-42CC-8FA6-CEBBC67769E6}"
EndProject
Project("{2150E333-8FDC-42A3-9474-1A3956D46DE8}") = "Connectors", "Connectors", "{FCAD12F9-6992-44D7-8E78-464181584E06}"
EndProject
Project("{9A19103F-16F7-4668-BE54-9A1E7A4F7556}") = "KubeMQ", "Connectors\KubeMQ\KubeMQ.csproj", "{2B020948-D052-488F-85DE-63BE37CCBBA5}"
EndProject
Project("{9A19103F-16F7-4668-BE54-9A1E7A4F7556}") = "NATS", "Connectors\NATS\NATS.csproj", "{45E457C0-A62C-4A7A-A427-77D9BE0AD351}"
EndProject
Project("{9A19103F-16F7-4668-BE54-9A1E7A4F7556}") = "AutomatedTesting", "AutomatedTesting\AutomatedTesting.csproj", "{671FC677-5E8C-4D74-81D4-3FA74BB6DB3D}"
EndProject
Project("{9A19103F-16F7-4668-BE54-9A1E7A4F7556}") = "Abstractions", "Abstractions\Abstractions.csproj", "{BA709FAF-D716-4AD0-A5AA-E61F3F0A9AFC}"
EndProject
Project("{2150E333-8FDC-42A3-9474-1A3956D46DE8}") = "Samples", "Samples", "{0DAB9C52-BDAF-44CD-B10A-B9E057105696}"
EndProject
Project("{9A19103F-16F7-4668-BE54-9A1E7A4F7556}") = "Messages", "Samples\Messages\Messages.csproj", "{D0C72055-C9A1-4F98-B7CB-A6A15644B689}"
EndProject
Project("{9A19103F-16F7-4668-BE54-9A1E7A4F7556}") = "KubeMQSample", "Samples\KubeMQSample\KubeMQSample.csproj", "{FEA3590A-A727-444A-B623-A6B33260780B}"
EndProject
Project("{9A19103F-16F7-4668-BE54-9A1E7A4F7556}") = "NATSSample", "Samples\NATSSample\NATSSample.csproj", "{5A27E00D-B132-4292-9D98-272A172F883A}"
EndProject
Project("{9A19103F-16F7-4668-BE54-9A1E7A4F7556}") = "Kafka", "Connectors\Kafka\Kafka.csproj", "{E3CE4E3B-8500-4888-BBA5-0256A129C9F5}"
EndProject
Project("{9A19103F-16F7-4668-BE54-9A1E7A4F7556}") = "KafkaSample", "Samples\KafkaSample\KafkaSample.csproj", "{76FFF0EF-C7F4-4D07-9CE1-CA695037CC11}"
EndProject
Project("{FAE04EC0-301F-11D3-BF4B-00C04F79EFBC}") = "ActiveMQ", "Connectors\ActiveMQ\ActiveMQ.csproj", "{3DF8097C-D24F-4AB9-98E3-A17607ECCE25}"
EndProject
Global
	GlobalSection(SolutionConfigurationPlatforms) = preSolution
		Debug|Any CPU = Debug|Any CPU
		Release|Any CPU = Release|Any CPU
	EndGlobalSection
	GlobalSection(ProjectConfigurationPlatforms) = postSolution
		{38A53CAD-5796-42CC-8FA6-CEBBC67769E6}.Debug|Any CPU.ActiveCfg = Debug|Any CPU
		{38A53CAD-5796-42CC-8FA6-CEBBC67769E6}.Debug|Any CPU.Build.0 = Debug|Any CPU
		{38A53CAD-5796-42CC-8FA6-CEBBC67769E6}.Release|Any CPU.ActiveCfg = Release|Any CPU
		{38A53CAD-5796-42CC-8FA6-CEBBC67769E6}.Release|Any CPU.Build.0 = Release|Any CPU
		{2B020948-D052-488F-85DE-63BE37CCBBA5}.Debug|Any CPU.ActiveCfg = Debug|Any CPU
		{2B020948-D052-488F-85DE-63BE37CCBBA5}.Debug|Any CPU.Build.0 = Debug|Any CPU
		{2B020948-D052-488F-85DE-63BE37CCBBA5}.Release|Any CPU.ActiveCfg = Release|Any CPU
		{2B020948-D052-488F-85DE-63BE37CCBBA5}.Release|Any CPU.Build.0 = Release|Any CPU
		{45E457C0-A62C-4A7A-A427-77D9BE0AD351}.Debug|Any CPU.ActiveCfg = Debug|Any CPU
		{45E457C0-A62C-4A7A-A427-77D9BE0AD351}.Debug|Any CPU.Build.0 = Debug|Any CPU
		{45E457C0-A62C-4A7A-A427-77D9BE0AD351}.Release|Any CPU.ActiveCfg = Release|Any CPU
		{45E457C0-A62C-4A7A-A427-77D9BE0AD351}.Release|Any CPU.Build.0 = Release|Any CPU
		{671FC677-5E8C-4D74-81D4-3FA74BB6DB3D}.Debug|Any CPU.ActiveCfg = Debug|Any CPU
		{671FC677-5E8C-4D74-81D4-3FA74BB6DB3D}.Debug|Any CPU.Build.0 = Debug|Any CPU
		{671FC677-5E8C-4D74-81D4-3FA74BB6DB3D}.Release|Any CPU.ActiveCfg = Release|Any CPU
		{671FC677-5E8C-4D74-81D4-3FA74BB6DB3D}.Release|Any CPU.Build.0 = Release|Any CPU
		{BA709FAF-D716-4AD0-A5AA-E61F3F0A9AFC}.Debug|Any CPU.ActiveCfg = Debug|Any CPU
		{BA709FAF-D716-4AD0-A5AA-E61F3F0A9AFC}.Debug|Any CPU.Build.0 = Debug|Any CPU
		{BA709FAF-D716-4AD0-A5AA-E61F3F0A9AFC}.Release|Any CPU.ActiveCfg = Release|Any CPU
		{BA709FAF-D716-4AD0-A5AA-E61F3F0A9AFC}.Release|Any CPU.Build.0 = Release|Any CPU
		{D0C72055-C9A1-4F98-B7CB-A6A15644B689}.Debug|Any CPU.ActiveCfg = Debug|Any CPU
		{D0C72055-C9A1-4F98-B7CB-A6A15644B689}.Debug|Any CPU.Build.0 = Debug|Any CPU
		{D0C72055-C9A1-4F98-B7CB-A6A15644B689}.Release|Any CPU.ActiveCfg = Release|Any CPU
		{D0C72055-C9A1-4F98-B7CB-A6A15644B689}.Release|Any CPU.Build.0 = Release|Any CPU
		{FEA3590A-A727-444A-B623-A6B33260780B}.Debug|Any CPU.ActiveCfg = Debug|Any CPU
		{FEA3590A-A727-444A-B623-A6B33260780B}.Debug|Any CPU.Build.0 = Debug|Any CPU
		{FEA3590A-A727-444A-B623-A6B33260780B}.Release|Any CPU.ActiveCfg = Release|Any CPU
		{FEA3590A-A727-444A-B623-A6B33260780B}.Release|Any CPU.Build.0 = Release|Any CPU
		{5A27E00D-B132-4292-9D98-272A172F883A}.Debug|Any CPU.ActiveCfg = Debug|Any CPU
		{5A27E00D-B132-4292-9D98-272A172F883A}.Debug|Any CPU.Build.0 = Debug|Any CPU
		{5A27E00D-B132-4292-9D98-272A172F883A}.Release|Any CPU.ActiveCfg = Release|Any CPU
		{5A27E00D-B132-4292-9D98-272A172F883A}.Release|Any CPU.Build.0 = Release|Any CPU
		{E3CE4E3B-8500-4888-BBA5-0256A129C9F5}.Debug|Any CPU.ActiveCfg = Debug|Any CPU
		{E3CE4E3B-8500-4888-BBA5-0256A129C9F5}.Debug|Any CPU.Build.0 = Debug|Any CPU
		{E3CE4E3B-8500-4888-BBA5-0256A129C9F5}.Release|Any CPU.ActiveCfg = Release|Any CPU
		{E3CE4E3B-8500-4888-BBA5-0256A129C9F5}.Release|Any CPU.Build.0 = Release|Any CPU
		{76FFF0EF-C7F4-4D07-9CE1-CA695037CC11}.Debug|Any CPU.ActiveCfg = Debug|Any CPU
		{76FFF0EF-C7F4-4D07-9CE1-CA695037CC11}.Debug|Any CPU.Build.0 = Debug|Any CPU
		{76FFF0EF-C7F4-4D07-9CE1-CA695037CC11}.Release|Any CPU.ActiveCfg = Release|Any CPU
		{76FFF0EF-C7F4-4D07-9CE1-CA695037CC11}.Release|Any CPU.Build.0 = Release|Any CPU
		{3DF8097C-D24F-4AB9-98E3-A17607ECCE25}.Debug|Any CPU.ActiveCfg = Debug|Any CPU
		{3DF8097C-D24F-4AB9-98E3-A17607ECCE25}.Debug|Any CPU.Build.0 = Debug|Any CPU
		{3DF8097C-D24F-4AB9-98E3-A17607ECCE25}.Release|Any CPU.ActiveCfg = Release|Any CPU
		{3DF8097C-D24F-4AB9-98E3-A17607ECCE25}.Release|Any CPU.Build.0 = Release|Any CPU
	EndGlobalSection
	GlobalSection(SolutionProperties) = preSolution
		HideSolutionNode = FALSE
	EndGlobalSection
	GlobalSection(NestedProjects) = preSolution
		{2B020948-D052-488F-85DE-63BE37CCBBA5} = {FCAD12F9-6992-44D7-8E78-464181584E06}
		{45E457C0-A62C-4A7A-A427-77D9BE0AD351} = {FCAD12F9-6992-44D7-8E78-464181584E06}
		{D0C72055-C9A1-4F98-B7CB-A6A15644B689} = {0DAB9C52-BDAF-44CD-B10A-B9E057105696}
		{FEA3590A-A727-444A-B623-A6B33260780B} = {0DAB9C52-BDAF-44CD-B10A-B9E057105696}
		{5A27E00D-B132-4292-9D98-272A172F883A} = {0DAB9C52-BDAF-44CD-B10A-B9E057105696}
		{E3CE4E3B-8500-4888-BBA5-0256A129C9F5} = {FCAD12F9-6992-44D7-8E78-464181584E06}
		{76FFF0EF-C7F4-4D07-9CE1-CA695037CC11} = {0DAB9C52-BDAF-44CD-B10A-B9E057105696}
		{3DF8097C-D24F-4AB9-98E3-A17607ECCE25} = {FCAD12F9-6992-44D7-8E78-464181584E06}
	EndGlobalSection
	GlobalSection(ExtensibilityGlobals) = postSolution
		SolutionGuid = {F4431E3A-7CBE-469C-A7FE-0A48F6768E02}
	EndGlobalSection
EndGlobal
